{
    __meta__ = {
        version = "1.0"
    },
    ["windows|x64"] = {
        ["cmake#31fecfc4"] = {
            repo = {
                branch = "master",
                commit = "ddcf1a337b90f4ebfd8a920001f7ae6fe9ee757c",
                url = "https://github.com/xmake-io/xmake-repo.git"
            },
            version = "4.0.3"
        },
        ["ninja#31fecfc4"] = {
            repo = {
                branch = "master",
                commit = "ddcf1a337b90f4ebfd8a920001f7ae6fe9ee757c",
                url = "https://github.com/xmake-io/xmake-repo.git"
            },
            version = "v1.12.1"
        },
        ["simpleini#31fecfc4"] = {
            repo = {
                branch = "master",
                commit = "be3a07d0ca2fcfcf7ea4e83f57ef267483f69d85",
                url = "https://gitlab.com/tboox/xmake-repo.git"
            },
            version = "v4.22"
        },
        ["spdlog#9c36f0a9"] = {
            repo = {
                branch = "master",
                commit = "ddcf1a337b90f4ebfd8a920001f7ae6fe9ee757c",
                url = "https://github.com/xmake-io/xmake-repo.git"
            },
            version = "v1.15.3"
        }
    }
}